// !$*UTF8*$!
{
	archiveVersion = 1;
	classes = {
	};
	objectVersion = 55;
	objects = {

/* Begin PBXBuildFile section */
		057F64B1273AF01A00997FD2 /* AnimalService.swift in Sources */ = {isa = PBXBuildFile; fileRef = 057F64B0273AF01A00997FD2 /* AnimalService.swift */; };
		057F64B3273AF10B00997FD2 /* Cat.swift in Sources */ = {isa = PBXBuildFile; fileRef = 057F64B2273AF10B00997FD2 /* Cat.swift */; };
		057F64BE273AF24200997FD2 /* ViewModel.swift in Sources */ = {isa = PBXBuildFile; fileRef = 057F64BD273AF24200997FD2 /* ViewModel.swift */; };
		057F72492739D2AB00163258 /* AppDelegate.swift in Sources */ = {isa = PBXBuildFile; fileRef = 057F72482739D2AB00163258 /* AppDelegate.swift */; };
		057F724B2739D2AB00163258 /* SceneDelegate.swift in Sources */ = {isa = PBXBuildFile; fileRef = 057F724A2739D2AB00163258 /* SceneDelegate.swift */; };
		057F724D2739D2AB00163258 /* ViewController.swift in Sources */ = {isa = PBXBuildFile; fileRef = 057F724C2739D2AB00163258 /* ViewController.swift */; };
		057F72502739D2AB00163258 /* Main.storyboard in Resources */ = {isa = PBXBuildFile; fileRef = 057F724E2739D2AB00163258 /* Main.storyboard */; };
		057F72522739D2AE00163258 /* Assets.xcassets in Resources */ = {isa = PBXBuildFile; fileRef = 057F72512739D2AE00163258 /* Assets.xcassets */; };
		057F72552739D2AE00163258 /* LaunchScreen.storyboard in Resources */ = {isa = PBXBuildFile; fileRef = 057F72532739D2AE00163258 /* LaunchScreen.storyboard */; };
		057F725E2739D2DC00163258 /* SnapKit in Frameworks */ = {isa = PBXBuildFile; productRef = 057F725D2739D2DC00163258 /* SnapKit */; };
		057F72612739D2ED00163258 /* Kingfisher in Frameworks */ = {isa = PBXBuildFile; productRef = 057F72602739D2ED00163258 /* Kingfisher */; };
/* End PBXBuildFile section */

/* Begin PBXFileReference section */
		057F64B0273AF01A00997FD2 /* AnimalService.swift */ = {isa = PBXFileReference; lastKnownFileType = sourcecode.swift; path = AnimalService.swift; sourceTree = "<group>"; };
		057F64B2273AF10B00997FD2 /* Cat.swift */ = {isa = PBXFileReference; lastKnownFileType = sourcecode.swift; path = Cat.swift; sourceTree = "<group>"; };
		057F64BD273AF24200997FD2 /* ViewModel.swift */ = {isa = PBXFileReference; lastKnownFileType = sourcecode.swift; path = ViewModel.swift; sourceTree = "<group>"; };
		057F72452739D2AB00163258 /* CatsDogsCombine.app */ = {isa = PBXFileReference; explicitFileType = wrapper.application; includeInIndex = 0; path = CatsDogsCombine.app; sourceTree = BUILT_PRODUCTS_DIR; };
		057F72482739D2AB00163258 /* AppDelegate.swift */ = {isa = PBXFileReference; lastKnownFileType = sourcecode.swift; path = AppDelegate.swift; sourceTree = "<group>"; };
		057F724A2739D2AB00163258 /* SceneDelegate.swift */ = {isa = PBXFileReference; lastKnownFileType = sourcecode.swift; path = SceneDelegate.swift; sourceTree = "<group>"; };
		057F724C2739D2AB00163258 /* ViewController.swift */ = {isa = PBXFileReference; lastKnownFileType = sourcecode.swift; path = ViewController.swift; sourceTree = "<group>"; };
		057F724F2739D2AB00163258 /* Base */ = {isa = PBXFileReference; lastKnownFileType = file.storyboard; name = Base; path = Base.lproj/Main.storyboard; sourceTree = "<group>"; };
		057F72512739D2AE00163258 /* Assets.xcassets */ = {isa = PBXFileReference; lastKnownFileType = folder.assetcatalog; path = Assets.xcassets; sourceTree = "<group>"; };
		057F72542739D2AE00163258 /* Base */ = {isa = PBXFileReference; lastKnownFileType = file.storyboard; name = Base; path = Base.lproj/LaunchScreen.storyboard; sourceTree = "<group>"; };
		057F72562739D2AE00163258 /* Info.plist */ = {isa = PBXFileReference; lastKnownFileType = text.plist.xml; path = Info.plist; sourceTree = "<group>"; };
/* End PBXFileReference section */

/* Begin PBXFrameworksBuildPhase section */
		057F72422739D2AB00163258 /* Frameworks */ = {
			isa = PBXFrameworksBuildPhase;
			buildActionMask = 2147483647;
			files = (
				057F72612739D2ED00163258 /* Kingfisher in Frameworks */,
				057F725E2739D2DC00163258 /* SnapKit in Frameworks */,
			);
			runOnlyForDeploymentPostprocessing = 0;
		};
/* End PBXFrameworksBuildPhase section */

/* Begin PBXGroup section */
		057F64AE273AEE4100997FD2 /* Services */ = {
			isa = PBXGroup;
			children = (
				057F64B0273AF01A00997FD2 /* AnimalService.swift */,
			);
			path = Services;
			sourceTree = "<group>";
		};
		057F64AF273AEE4D00997FD2 /* Models */ = {
			isa = PBXGroup;
			children = (
				057F64B2273AF10B00997FD2 /* Cat.swift */,
			);
			path = Models;
			sourceTree = "<group>";
		};
		057F64B6273AF1D200997FD2 /* View */ = {
			isa = PBXGroup;
			children = (
				057F724C2739D2AB00163258 /* ViewController.swift */,
				057F724E2739D2AB00163258 /* Main.storyboard */,
			);
			path = View;
			sourceTree = "<group>";
		};
		057F64B9273AF1E700997FD2 /* ViewModel */ = {
			isa = PBXGroup;
			children = (
				057F64BD273AF24200997FD2 /* ViewModel.swift */,
			);
			path = ViewModel;
			sourceTree = "<group>";
		};
		057F64BA273AF1F600997FD2 /* Sources */ = {
			isa = PBXGroup;
			children = (
				057F72512739D2AE00163258 /* Assets.xcassets */,
			);
			path = Sources;
			sourceTree = "<group>";
		};
		057F64BC273AF20300997FD2 /* Supporting Files */ = {
			isa = PBXGroup;
			children = (
				057F72532739D2AE00163258 /* LaunchScreen.storyboard */,
				057F72482739D2AB00163258 /* AppDelegate.swift */,
				057F724A2739D2AB00163258 /* SceneDelegate.swift */,
			);
			path = "Supporting Files";
			sourceTree = "<group>";
		};
		057F723C2739D2AB00163258 = {
			isa = PBXGroup;
			children = (
				057F72472739D2AB00163258 /* CatsDogsCombine */,
				057F72462739D2AB00163258 /* Products */,
			);
			sourceTree = "<group>";
		};
		057F72462739D2AB00163258 /* Products */ = {
			isa = PBXGroup;
			children = (
				057F72452739D2AB00163258 /* CatsDogsCombine.app */,
			);
			name = Products;
			sourceTree = "<group>";
		};
		057F72472739D2AB00163258 /* CatsDogsCombine */ = {
			isa = PBXGroup;
			children = (
				057F72562739D2AE00163258 /* Info.plist */,
				057F64BA273AF1F600997FD2 /* Sources */,
				057F64B9273AF1E700997FD2 /* ViewModel */,
				057F64B6273AF1D200997FD2 /* View */,
				057F64AF273AEE4D00997FD2 /* Models */,
				057F64AE273AEE4100997FD2 /* Services */,
				057F64BC273AF20300997FD2 /* Supporting Files */,
			);
			path = CatsDogsCombine;
			sourceTree = "<group>";
		};
/* End PBXGroup section */

/* Begin PBXNativeTarget section */
		057F72442739D2AB00163258 /* CatsDogsCombine */ = {
			isa = PBXNativeTarget;
			buildConfigurationList = 057F72592739D2AE00163258 /* Build configuration list for PBXNativeTarget "CatsDogsCombine" */;
			buildPhases = (
				057F72412739D2AB00163258 /* Sources */,
				057F72422739D2AB00163258 /* Frameworks */,
				057F72432739D2AB00163258 /* Resources */,
			);
			buildRules = (
			);
			dependencies = (
			);
			name = CatsDogsCombine;
			packageProductDependencies = (
				057F725D2739D2DC00163258 /* SnapKit */,
				057F72602739D2ED00163258 /* Kingfisher */,
			);
			productName = CatsDogsCombine;
			productReference = 057F72452739D2AB00163258 /* CatsDogsCombine.app */;
			productType = "com.apple.product-type.application";
		};
/* End PBXNativeTarget section */

/* Begin PBXProject section */
		057F723D2739D2AB00163258 /* Project object */ = {
			isa = PBXProject;
			attributes = {
				BuildIndependentTargetsInParallel = 1;
				LastSwiftUpdateCheck = 1300;
				LastUpgradeCheck = 1300;
				TargetAttributes = {
					057F72442739D2AB00163258 = {
						CreatedOnToolsVersion = 13.0;
					};
				};
			};
			buildConfigurationList = 057F72402739D2AB00163258 /* Build configuration list for PBXProject "CatsDogsCombine" */;
			compatibilityVersion = "Xcode 13.0";
			developmentRegion = en;
			hasScannedForEncodings = 0;
			knownRegions = (
				en,
				Base,
			);
			mainGroup = 057F723C2739D2AB00163258;
			packageReferences = (
				057F725C2739D2DC00163258 /* XCRemoteSwiftPackageReference "SnapKit" */,
				057F725F2739D2ED00163258 /* XCRemoteSwiftPackageReference "Kingfisher" */,
			);
			productRefGroup = 057F72462739D2AB00163258 /* Products */;
			projectDirPath = "";
			projectRoot = "";
			targets = (
				057F72442739D2AB00163258 /* CatsDogsCombine */,
			);
		};
/* End PBXProject section */

/* Begin PBXResourcesBuildPhase section */
		057F72432739D2AB00163258 /* Resources */ = {
			isa = PBXResourcesBuildPhase;
			buildActionMask = 2147483647;
			files = (
				057F72552739D2AE00163258 /* LaunchScreen.storyboard in Resources */,
				057F72522739D2AE00163258 /* Assets.xcassets in Resources */,
				057F72502739D2AB00163258 /* Main.storyboard in Resources */,
			);
			runOnlyForDeploymentPostprocessing = 0;
		};
/* End PBXResourcesBuildPhase section */

/* Begin PBXSourcesBuildPhase section */
		057F72412739D2AB00163258 /* Sources */ = {
			isa = PBXSourcesBuildPhase;
			buildActionMask = 2147483647;
			files = (
				057F724D2739D2AB00163258 /* ViewController.swift in Sources */,
				057F64B1273AF01A00997FD2 /* AnimalService.swift in Sources */,
				057F64B3273AF10B00997FD2 /* Cat.swift in Sources */,
				057F72492739D2AB00163258 /* AppDelegate.swift in Sources */,
				057F724B2739D2AB00163258 /* SceneDelegate.swift in Sources */,
				057F64BE273AF24200997FD2 /* ViewModel.swift in Sources */,
			);
			runOnlyForDeploymentPostprocessing = 0;
		};
/* End PBXSourcesBuildPhase section */

/* Begin PBXVariantGroup section */
		057F724E2739D2AB00163258 /* Main.storyboard */ = {
			isa = PBXVariantGroup;
			children = (
				057F724F2739D2AB00163258 /* Base */,
			);
			name = Main.storyboard;
			sourceTree = "<group>";
		};
		057F72532739D2AE00163258 /* LaunchScreen.storyboard */ = {
			isa = PBXVariantGroup;
			children = (
				057F72542739D2AE00163258 /* Base */,
			);
			name = LaunchScreen.storyboard;
			sourceTree = "<group>";
		};
/* End PBXVariantGroup section */

/* Begin XCBuildConfiguration section */
		057F72572739D2AE00163258 /* Debug */ = {
			isa = XCBuildConfiguration;
			buildSettings = {
				ALWAYS_SEARCH_USER_PATHS = NO;
				CLANG_ANALYZER_NONNULL = YES;
				CLANG_ANALYZER_NUMBER_OBJECT_CONVERSION = YES_AGGRESSIVE;
				CLANG_CXX_LANGUAGE_STANDARD = "gnu++17";
				CLANG_CXX_LIBRARY = "libc++";
				CLANG_ENABLE_MODULES = YES;
				CLANG_ENABLE_OBJC_ARC = YES;
				CLANG_ENABLE_OBJC_WEAK = YES;
				CLANG_WARN_BLOCK_CAPTURE_AUTORELEASING = YES;
				CLANG_WARN_BOOL_CONVERSION = YES;
				CLANG_WARN_COMMA = YES;
				CLANG_WARN_CONSTANT_CONVERSION = YES;
				CLANG_WARN_DEPRECATED_OBJC_IMPLEMENTATIONS = YES;
				CLANG_WARN_DIRECT_OBJC_ISA_USAGE = YES_ERROR;
				CLANG_WARN_DOCUMENTATION_COMMENTS = YES;
				CLANG_WARN_EMPTY_BODY = YES;
				CLANG_WARN_ENUM_CONVERSION = YES;
				CLANG_WARN_INFINITE_RECURSION = YES;
				CLANG_WARN_INT_CONVERSION = YES;
				CLANG_WARN_NON_LITERAL_NULL_CONVERSION = YES;
				CLANG_WARN_OBJC_IMPLICIT_RETAIN_SELF = YES;
				CLANG_WARN_OBJC_LITERAL_CONVERSION = YES;
				CLANG_WARN_OBJC_ROOT_CLASS = YES_ERROR;
				CLANG_WARN_QUOTED_INCLUDE_IN_FRAMEWORK_HEADER = YES;
				CLANG_WARN_RANGE_LOOP_ANALYSIS = YES;
				CLANG_WARN_STRICT_PROTOTYPES = YES;
				CLANG_WARN_SUSPICIOUS_MOVE = YES;
				CLANG_WARN_UNGUARDED_AVAILABILITY = YES_AGGRESSIVE;
				CLANG_WARN_UNREACHABLE_CODE = YES;
				CLANG_WARN__DUPLICATE_METHOD_MATCH = YES;
				COPY_PHASE_STRIP = NO;
				DEBUG_INFORMATION_FORMAT = dwarf;
				ENABLE_STRICT_OBJC_MSGSEND = YES;
				ENABLE_TESTABILITY = YES;
				GCC_C_LANGUAGE_STANDARD = gnu11;
				GCC_DYNAMIC_NO_PIC = NO;
				GCC_NO_COMMON_BLOCKS = YES;
				GCC_OPTIMIZATION_LEVEL = 0;
				GCC_PREPROCESSOR_DEFINITIONS = (
					"DEBUG=1",
					"$(inherited)",
				);
				GCC_WARN_64_TO_32_BIT_CONVERSION = YES;
				GCC_WARN_ABOUT_RETURN_TYPE = YES_ERROR;
				GCC_WARN_UNDECLARED_SELECTOR = YES;
				GCC_WARN_UNINITIALIZED_AUTOS = YES_AGGRESSIVE;
				GCC_WARN_UNUSED_FUNCTION = YES;
				GCC_WARN_UNUSED_VARIABLE = YES;
				IPHONEOS_DEPLOYMENT_TARGET = 15.0;
				MTL_ENABLE_DEBUG_INFO = INCLUDE_SOURCE;
				MTL_FAST_MATH = YES;
				ONLY_ACTIVE_ARCH = YES;
				SDKROOT = iphoneos;
				SWIFT_ACTIVE_COMPILATION_CONDITIONS = DEBUG;
				SWIFT_OPTIMIZATION_LEVEL = "-Onone";
			};
			name = Debug;
		};
		057F72582739D2AE00163258 /* Release */ = {
			isa = XCBuildConfiguration;
			buildSettings = {
				ALWAYS_SEARCH_USER_PATHS = NO;
				CLANG_ANALYZER_NONNULL = YES;
				CLANG_ANALYZER_NUMBER_OBJECT_CONVERSION = YES_AGGRESSIVE;
				CLANG_CXX_LANGUAGE_STANDARD = "gnu++17";
				CLANG_CXX_LIBRARY = "libc++";
				CLANG_ENABLE_MODULES = YES;
				CLANG_ENABLE_OBJC_ARC = YES;
				CLANG_ENABLE_OBJC_WEAK = YES;
				CLANG_WARN_BLOCK_CAPTURE_AUTORELEASING = YES;
				CLANG_WARN_BOOL_CONVERSION = YES;
				CLANG_WARN_COMMA = YES;
				CLANG_WARN_CONSTANT_CONVERSION = YES;
				CLANG_WARN_DEPRECATED_OBJC_IMPLEMENTATIONS = YES;
				CLANG_WARN_DIRECT_OBJC_ISA_USAGE = YES_ERROR;
				CLANG_WARN_DOCUMENTATION_COMMENTS = YES;
				CLANG_WARN_EMPTY_BODY = YES;
				CLANG_WARN_ENUM_CONVERSION = YES;
				CLANG_WARN_INFINITE_RECURSION = YES;
				CLANG_WARN_INT_CONVERSION = YES;
				CLANG_WARN_NON_LITERAL_NULL_CONVERSION = YES;
				CLANG_WARN_OBJC_IMPLICIT_RETAIN_SELF = YES;
				CLANG_WARN_OBJC_LITERAL_CONVERSION = YES;
				CLANG_WARN_OBJC_ROOT_CLASS = YES_ERROR;
				CLANG_WARN_QUOTED_INCLUDE_IN_FRAMEWORK_HEADER = YES;
				CLANG_WARN_RANGE_LOOP_ANALYSIS = YES;
				CLANG_WARN_STRICT_PROTOTYPES = YES;
				CLANG_WARN_SUSPICIOUS_MOVE = YES;
				CLANG_WARN_UNGUARDED_AVAILABILITY = YES_AGGRESSIVE;
				CLANG_WARN_UNREACHABLE_CODE = YES;
				CLANG_WARN__DUPLICATE_METHOD_MATCH = YES;
				COPY_PHASE_STRIP = NO;
				DEBUG_INFORMATION_FORMAT = "dwarf-with-dsym";
				ENABLE_NS_ASSERTIONS = NO;
				ENABLE_STRICT_OBJC_MSGSEND = YES;
				GCC_C_LANGUAGE_STANDARD = gnu11;
				GCC_NO_COMMON_BLOCKS = YES;
				GCC_WARN_64_TO_32_BIT_CONVERSION = YES;
				GCC_WARN_ABOUT_RETURN_TYPE = YES_ERROR;
				GCC_WARN_UNDECLARED_SELECTOR = YES;
				GCC_WARN_UNINITIALIZED_AUTOS = YES_AGGRESSIVE;
				GCC_WARN_UNUSED_FUNCTION = YES;
				GCC_WARN_UNUSED_VARIABLE = YES;
				IPHONEOS_DEPLOYMENT_TARGET = 15.0;
				MTL_ENABLE_DEBUG_INFO = NO;
				MTL_FAST_MATH = YES;
				SDKROOT = iphoneos;
				SWIFT_COMPILATION_MODE = wholemodule;
				SWIFT_OPTIMIZATION_LEVEL = "-O";
				VALIDATE_PRODUCT = YES;
			};
			name = Release;
		};
		057F725A2739D2AE00163258 /* Debug */ = {
			isa = XCBuildConfiguration;
			buildSettings = {
				ASSETCATALOG_COMPILER_APPICON_NAME = AppIcon;
				ASSETCATALOG_COMPILER_GLOBAL_ACCENT_COLOR_NAME = AccentColor;
				CODE_SIGN_STYLE = Automatic;
				CURRENT_PROJECT_VERSION = 1;
				DEVELOPMENT_TEAM = K2QST44864;
				GENERATE_INFOPLIST_FILE = YES;
				INFOPLIST_FILE = CatsDogsCombine/Info.plist;
				INFOPLIST_KEY_UIApplicationSupportsIndirectInputEvents = YES;
				INFOPLIST_KEY_UILaunchStoryboardName = LaunchScreen;
				INFOPLIST_KEY_UIMainStoryboardFile = Main;
				INFOPLIST_KEY_UISupportedInterfaceOrientations_iPad = "UIInterfaceOrientationPortrait UIInterfaceOrientationPortraitUpsideDown UIInterfaceOrientationLandscapeLeft UIInterfaceOrientationLandscapeRight";
				INFOPLIST_KEY_UISupportedInterfaceOrientations_iPhone = "UIInterfaceOrientationPortrait UIInterfaceOrientationLandscapeLeft UIInterfaceOrientationLandscapeRight";
				LD_RUNPATH_SEARCH_PATHS = (
					"$(inherited)",
					"@executable_path/Frameworks",
				);
				MARKETING_VERSION = 1.0;
				PRODUCT_BUNDLE_IDENTIFIER = com.Lyap.CatsDogsCombine;
				PRODUCT_NAME = "$(TARGET_NAME)";
				SWIFT_EMIT_LOC_STRINGS = YES;
				SWIFT_VERSION = 5.0;
				TARGETED_DEVICE_FAMILY = "1,2";
			};
			name = Debug;
		};
		057F725B2739D2AE00163258 /* Release */ = {
			isa = XCBuildConfiguration;
			buildSettings = {
				ASSETCATALOG_COMPILER_APPICON_NAME = AppIcon;
				ASSETCATALOG_COMPILER_GLOBAL_ACCENT_COLOR_NAME = AccentColor;
				CODE_SIGN_STYLE = Automatic;
				CURRENT_PROJECT_VERSION = 1;
				DEVELOPMENT_TEAM = K2QST44864;
				GENERATE_INFOPLIST_FILE = YES;
				INFOPLIST_FILE = CatsDogsCombine/Info.plist;
				INFOPLIST_KEY_UIApplicationSupportsIndirectInputEvents = YES;
				INFOPLIST_KEY_UILaunchStoryboardName = LaunchScreen;
				INFOPLIST_KEY_UIMainStoryboardFile = Main;
				INFOPLIST_KEY_UISupportedInterfaceOrientations_iPad = "UIInterfaceOrientationPortrait UIInterfaceOrientationPortraitUpsideDown UIInterfaceOrientationLandscapeLeft UIInterfaceOrientationLandscapeRight";
				INFOPLIST_KEY_UISupportedInterfaceOrientations_iPhone = "UIInterfaceOrientationPortrait UIInterfaceOrientationLandscapeLeft UIInterfaceOrientationLandscapeRight";
				LD_RUNPATH_SEARCH_PATHS = (
					"$(inherited)",
					"@executable_path/Frameworks",
				);
				MARKETING_VERSION = 1.0;
				PRODUCT_BUNDLE_IDENTIFIER = com.Lyap.CatsDogsCombine;
				PRODUCT_NAME = "$(TARGET_NAME)";
				SWIFT_EMIT_LOC_STRINGS = YES;
				SWIFT_VERSION = 5.0;
				TARGETED_DEVICE_FAMILY = "1,2";
			};
			name = Release;
		};
/* End XCBuildConfiguration section */

/* Begin XCConfigurationList section */
		057F72402739D2AB00163258 /* Build configuration list for PBXProject "CatsDogsCombine" */ = {
			isa = XCConfigurationList;
			buildConfigurations = (
				057F72572739D2AE00163258 /* Debug */,
				057F72582739D2AE00163258 /* Release */,
			);
			defaultConfigurationIsVisible = 0;
			defaultConfigurationName = Release;
		};
		057F72592739D2AE00163258 /* Build configuration list for PBXNativeTarget "CatsDogsCombine" */ = {
			isa = XCConfigurationList;
			buildConfigurations = (
				057F725A2739D2AE00163258 /* Debug */,
				057F725B2739D2AE00163258 /* Release */,
			);
			defaultConfigurationIsVisible = 0;
			defaultConfigurationName = Release;
		};
/* End XCConfigurationList section */

/* Begin XCRemoteSwiftPackageReference section */
		057F725C2739D2DC00163258 /* XCRemoteSwiftPackageReference "SnapKit" */ = {
			isa = XCRemoteSwiftPackageReference;
			repositoryURL = "https://github.com/SnapKit/SnapKit.git";
			requirement = {
				branch = develop;
				kind = branch;
			};
		};
		057F725F2739D2ED00163258 /* XCRemoteSwiftPackageReference "Kingfisher" */ = {
			isa = XCRemoteSwiftPackageReference;
			repositoryURL = "https://github.com/onevcat/Kingfisher";
			requirement = {
				branch = master;
				kind = branch;
			};
		};
/* End XCRemoteSwiftPackageReference section */

/* Begin XCSwiftPackageProductDependency section */
		057F725D2739D2DC00163258 /* SnapKit */ = {
			isa = XCSwiftPackageProductDependency;
			package = 057F725C2739D2DC00163258 /* XCRemoteSwiftPackageReference "SnapKit" */;
			productName = SnapKit;
		};
		057F72602739D2ED00163258 /* Kingfisher */ = {
			isa = XCSwiftPackageProductDependency;
			package = 057F725F2739D2ED00163258 /* XCRemoteSwiftPackageReference "Kingfisher" */;
			productName = Kingfisher;
		};
/* End XCSwiftPackageProductDependency section */
	};
	rootObject = 057F723D2739D2AB00163258 /* Project object */;
}
